// !$*UTF8*$!
{
	archiveVersion = 1;
	classes = {
	};
	objectVersion = 55;
	objects = {

/* Begin PBXBuildFile section */
		289058F3286E89150001BB8C /* AppDelegate.swift in Sources */ = {isa = PBXBuildFile; fileRef = 289058F2286E89150001BB8C /* AppDelegate.swift */; };
		289058F5286E89150001BB8C /* SceneDelegate.swift in Sources */ = {isa = PBXBuildFile; fileRef = 289058F4286E89150001BB8C /* SceneDelegate.swift */; };
		289058F7286E89150001BB8C /* ViewController.swift in Sources */ = {isa = PBXBuildFile; fileRef = 289058F6286E89150001BB8C /* ViewController.swift */; };
		289058FA286E89150001BB8C /* Main.storyboard in Resources */ = {isa = PBXBuildFile; fileRef = 289058F8286E89150001BB8C /* Main.storyboard */; };
		289058FC286E89160001BB8C /* Assets.xcassets in Resources */ = {isa = PBXBuildFile; fileRef = 289058FB286E89160001BB8C /* Assets.xcassets */; };
		289058FF286E89160001BB8C /* LaunchScreen.storyboard in Resources */ = {isa = PBXBuildFile; fileRef = 289058FD286E89160001BB8C /* LaunchScreen.storyboard */; };
		2890590A286E89160001BB8C /* UitableviewTests.swift in Sources */ = {isa = PBXBuildFile; fileRef = 28905909286E89160001BB8C /* UitableviewTests.swift */; };
		28905914286E89160001BB8C /* UitableviewUITests.swift in Sources */ = {isa = PBXBuildFile; fileRef = 28905913286E89160001BB8C /* UitableviewUITests.swift */; };
		28905916286E89160001BB8C /* UitableviewUITestsLaunchTests.swift in Sources */ = {isa = PBXBuildFile; fileRef = 28905915286E89160001BB8C /* UitableviewUITestsLaunchTests.swift */; };
		28905923286E97750001BB8C /* NewTableViewCell.swift in Sources */ = {isa = PBXBuildFile; fileRef = 28905922286E97750001BB8C /* NewTableViewCell.swift */; };
		28905927286EC6E50001BB8C /* IndexsViewController.swift in Sources */ = {isa = PBXBuildFile; fileRef = 28905926286EC6E50001BB8C /* IndexsViewController.swift */; };
/* End PBXBuildFile section */

/* Begin PBXContainerItemProxy section */
		28905906286E89160001BB8C /* PBXContainerItemProxy */ = {
			isa = PBXContainerItemProxy;
			containerPortal = 289058E7286E89150001BB8C /* Project object */;
			proxyType = 1;
			remoteGlobalIDString = 289058EE286E89150001BB8C;
			remoteInfo = Uitableview;
		};
		28905910286E89160001BB8C /* PBXContainerItemProxy */ = {
			isa = PBXContainerItemProxy;
			containerPortal = 289058E7286E89150001BB8C /* Project object */;
			proxyType = 1;
			remoteGlobalIDString = 289058EE286E89150001BB8C;
			remoteInfo = Uitableview;
		};
/* End PBXContainerItemProxy section */

/* Begin PBXFileReference section */
		289058EF286E89150001BB8C /* Uitableview.app */ = {isa = PBXFileReference; explicitFileType = wrapper.application; includeInIndex = 0; path = Uitableview.app; sourceTree = BUILT_PRODUCTS_DIR; };
		289058F2286E89150001BB8C /* AppDelegate.swift */ = {isa = PBXFileReference; lastKnownFileType = sourcecode.swift; path = AppDelegate.swift; sourceTree = "<group>"; };
		289058F4286E89150001BB8C /* SceneDelegate.swift */ = {isa = PBXFileReference; lastKnownFileType = sourcecode.swift; path = SceneDelegate.swift; sourceTree = "<group>"; };
		289058F6286E89150001BB8C /* ViewController.swift */ = {isa = PBXFileReference; lastKnownFileType = sourcecode.swift; path = ViewController.swift; sourceTree = "<group>"; };
		289058F9286E89150001BB8C /* Base */ = {isa = PBXFileReference; lastKnownFileType = file.storyboard; name = Base; path = Base.lproj/Main.storyboard; sourceTree = "<group>"; };
		289058FB286E89160001BB8C /* Assets.xcassets */ = {isa = PBXFileReference; lastKnownFileType = folder.assetcatalog; path = Assets.xcassets; sourceTree = "<group>"; };
		289058FE286E89160001BB8C /* Base */ = {isa = PBXFileReference; lastKnownFileType = file.storyboard; name = Base; path = Base.lproj/LaunchScreen.storyboard; sourceTree = "<group>"; };
		28905900286E89160001BB8C /* Info.plist */ = {isa = PBXFileReference; lastKnownFileType = text.plist.xml; path = Info.plist; sourceTree = "<group>"; };
		28905905286E89160001BB8C /* UitableviewTests.xctest */ = {isa = PBXFileReference; explicitFileType = wrapper.cfbundle; includeInIndex = 0; path = UitableviewTests.xctest; sourceTree = BUILT_PRODUCTS_DIR; };
		28905909286E89160001BB8C /* UitableviewTests.swift */ = {isa = PBXFileReference; lastKnownFileType = sourcecode.swift; path = UitableviewTests.swift; sourceTree = "<group>"; };
		2890590F286E89160001BB8C /* UitableviewUITests.xctest */ = {isa = PBXFileReference; explicitFileType = wrapper.cfbundle; includeInIndex = 0; path = UitableviewUITests.xctest; sourceTree = BUILT_PRODUCTS_DIR; };
		28905913286E89160001BB8C /* UitableviewUITests.swift */ = {isa = PBXFileReference; lastKnownFileType = sourcecode.swift; path = UitableviewUITests.swift; sourceTree = "<group>"; };
		28905915286E89160001BB8C /* UitableviewUITestsLaunchTests.swift */ = {isa = PBXFileReference; lastKnownFileType = sourcecode.swift; path = UitableviewUITestsLaunchTests.swift; sourceTree = "<group>"; };
		28905922286E97750001BB8C /* NewTableViewCell.swift */ = {isa = PBXFileReference; lastKnownFileType = sourcecode.swift; path = NewTableViewCell.swift; sourceTree = "<group>"; };
		28905926286EC6E50001BB8C /* IndexsViewController.swift */ = {isa = PBXFileReference; lastKnownFileType = sourcecode.swift; path = IndexsViewController.swift; sourceTree = "<group>"; };
/* End PBXFileReference section */

/* Begin PBXFrameworksBuildPhase section */
		289058EC286E89150001BB8C /* Frameworks */ = {
			isa = PBXFrameworksBuildPhase;
			buildActionMask = 2147483647;
			files = (
			);
			runOnlyForDeploymentPostprocessing = 0;
		};
		28905902286E89160001BB8C /* Frameworks */ = {
			isa = PBXFrameworksBuildPhase;
			buildActionMask = 2147483647;
			files = (
			);
			runOnlyForDeploymentPostprocessing = 0;
		};
		2890590C286E89160001BB8C /* Frameworks */ = {
			isa = PBXFrameworksBuildPhase;
			buildActionMask = 2147483647;
			files = (
			);
			runOnlyForDeploymentPostprocessing = 0;
		};
/* End PBXFrameworksBuildPhase section */

/* Begin PBXGroup section */
		289058E6286E89150001BB8C = {
			isa = PBXGroup;
			children = (
				289058F1286E89150001BB8C /* Uitableview */,
				28905908286E89160001BB8C /* UitableviewTests */,
				28905912286E89160001BB8C /* UitableviewUITests */,
				289058F0286E89150001BB8C /* Products */,
			);
			sourceTree = "<group>";
		};
		289058F0286E89150001BB8C /* Products */ = {
			isa = PBXGroup;
			children = (
				289058EF286E89150001BB8C /* Uitableview.app */,
				28905905286E89160001BB8C /* UitableviewTests.xctest */,
				2890590F286E89160001BB8C /* UitableviewUITests.xctest */,
			);
			name = Products;
			sourceTree = "<group>";
		};
		289058F1286E89150001BB8C /* Uitableview */ = {
			isa = PBXGroup;
			children = (
				289058F2286E89150001BB8C /* AppDelegate.swift */,
				289058F4286E89150001BB8C /* SceneDelegate.swift */,
				289058F6286E89150001BB8C /* ViewController.swift */,
				289058F8286E89150001BB8C /* Main.storyboard */,
				289058FB286E89160001BB8C /* Assets.xcassets */,
				289058FD286E89160001BB8C /* LaunchScreen.storyboard */,
				28905900286E89160001BB8C /* Info.plist */,
				28905922286E97750001BB8C /* NewTableViewCell.swift */,
				28905926286EC6E50001BB8C /* IndexsViewController.swift */,
			);
			path = Uitableview;
			sourceTree = "<group>";
		};
		28905908286E89160001BB8C /* UitableviewTests */ = {
			isa = PBXGroup;
			children = (
				28905909286E89160001BB8C /* UitableviewTests.swift */,
			);
			path = UitableviewTests;
			sourceTree = "<group>";
		};
		28905912286E89160001BB8C /* UitableviewUITests */ = {
			isa = PBXGroup;
			children = (
				28905913286E89160001BB8C /* UitableviewUITests.swift */,
				28905915286E89160001BB8C /* UitableviewUITestsLaunchTests.swift */,
			);
			path = UitableviewUITests;
			sourceTree = "<group>";
		};
/* End PBXGroup section */

/* Begin PBXNativeTarget section */
		289058EE286E89150001BB8C /* Uitableview */ = {
			isa = PBXNativeTarget;
			buildConfigurationList = 28905919286E89160001BB8C /* Build configuration list for PBXNativeTarget "Uitableview" */;
			buildPhases = (
				289058EB286E89150001BB8C /* Sources */,
				289058EC286E89150001BB8C /* Frameworks */,
				289058ED286E89150001BB8C /* Resources */,
			);
			buildRules = (
			);
			dependencies = (
			);
			name = Uitableview;
			productName = Uitableview;
			productReference = 289058EF286E89150001BB8C /* Uitableview.app */;
			productType = "com.apple.product-type.application";
		};
		28905904286E89160001BB8C /* UitableviewTests */ = {
			isa = PBXNativeTarget;
			buildConfigurationList = 2890591C286E89160001BB8C /* Build configuration list for PBXNativeTarget "UitableviewTests" */;
			buildPhases = (
				28905901286E89160001BB8C /* Sources */,
				28905902286E89160001BB8C /* Frameworks */,
				28905903286E89160001BB8C /* Resources */,
			);
			buildRules = (
			);
			dependencies = (
				28905907286E89160001BB8C /* PBXTargetDependency */,
			);
			name = UitableviewTests;
			productName = UitableviewTests;
			productReference = 28905905286E89160001BB8C /* UitableviewTests.xctest */;
			productType = "com.apple.product-type.bundle.unit-test";
		};
		2890590E286E89160001BB8C /* UitableviewUITests */ = {
			isa = PBXNativeTarget;
			buildConfigurationList = 2890591F286E89160001BB8C /* Build configuration list for PBXNativeTarget "UitableviewUITests" */;
			buildPhases = (
				2890590B286E89160001BB8C /* Sources */,
				2890590C286E89160001BB8C /* Frameworks */,
				2890590D286E89160001BB8C /* Resources */,
			);
			buildRules = (
			);
			dependencies = (
				28905911286E89160001BB8C /* PBXTargetDependency */,
			);
			name = UitableviewUITests;
			productName = UitableviewUITests;
			productReference = 2890590F286E89160001BB8C /* UitableviewUITests.xctest */;
			productType = "com.apple.product-type.bundle.ui-testing";
		};
/* End PBXNativeTarget section */

/* Begin PBXProject section */
		289058E7286E89150001BB8C /* Project object */ = {
			isa = PBXProject;
			attributes = {
				BuildIndependentTargetsInParallel = 1;
				LastSwiftUpdateCheck = 1320;
				LastUpgradeCheck = 1320;
				TargetAttributes = {
					289058EE286E89150001BB8C = {
						CreatedOnToolsVersion = 13.2.1;
					};
					28905904286E89160001BB8C = {
						CreatedOnToolsVersion = 13.2.1;
						TestTargetID = 289058EE286E89150001BB8C;
					};
					2890590E286E89160001BB8C = {
						CreatedOnToolsVersion = 13.2.1;
						TestTargetID = 289058EE286E89150001BB8C;
					};
				};
			};
			buildConfigurationList = 289058EA286E89150001BB8C /* Build configuration list for PBXProject "Uitableview" */;
			compatibilityVersion = "Xcode 13.0";
			developmentRegion = en;
			hasScannedForEncodings = 0;
			knownRegions = (
				en,
				Base,
			);
			mainGroup = 289058E6286E89150001BB8C;
			productRefGroup = 289058F0286E89150001BB8C /* Products */;
			projectDirPath = "";
			projectRoot = "";
			targets = (
				289058EE286E89150001BB8C /* Uitableview */,
				28905904286E89160001BB8C /* UitableviewTests */,
				2890590E286E89160001BB8C /* UitableviewUITests */,
			);
		};
/* End PBXProject section */

/* Begin PBXResourcesBuildPhase section */
		289058ED286E89150001BB8C /* Resources */ = {
			isa = PBXResourcesBuildPhase;
			buildActionMask = 2147483647;
			files = (
				289058FF286E89160001BB8C /* LaunchScreen.storyboard in Resources */,
				289058FC286E89160001BB8C /* Assets.xcassets in Resources */,
				289058FA286E89150001BB8C /* Main.storyboard in Resources */,
			);
			runOnlyForDeploymentPostprocessing = 0;
		};
		28905903286E89160001BB8C /* Resources */ = {
			isa = PBXResourcesBuildPhase;
			buildActionMask = 2147483647;
			files = (
			);
			runOnlyForDeploymentPostprocessing = 0;
		};
		2890590D286E89160001BB8C /* Resources */ = {
			isa = PBXResourcesBuildPhase;
			buildActionMask = 2147483647;
			files = (
			);
			runOnlyForDeploymentPostprocessing = 0;
		};
/* End PBXResourcesBuildPhase section */

/* Begin PBXSourcesBuildPhase section */
		289058EB286E89150001BB8C /* Sources */ = {
			isa = PBXSourcesBuildPhase;
			buildActionMask = 2147483647;
			files = (
				289058F7286E89150001BB8C /* ViewController.swift in Sources */,
				28905927286EC6E50001BB8C /* IndexsViewController.swift in Sources */,
				289058F3286E89150001BB8C /* AppDelegate.swift in Sources */,
				28905923286E97750001BB8C /* NewTableViewCell.swift in Sources */,
				289058F5286E89150001BB8C /* SceneDelegate.swift in Sources */,
			);
			runOnlyForDeploymentPostprocessing = 0;
		};
		28905901286E89160001BB8C /* Sources */ = {
			isa = PBXSourcesBuildPhase;
			buildActionMask = 2147483647;
			files = (
				2890590A286E89160001BB8C /* UitableviewTests.swift in Sources */,
			);
			runOnlyForDeploymentPostprocessing = 0;
		};
		2890590B286E89160001BB8C /* Sources */ = {
			isa = PBXSourcesBuildPhase;
			buildActionMask = 2147483647;
			files = (
				28905916286E89160001BB8C /* UitableviewUITestsLaunchTests.swift in Sources */,
				28905914286E89160001BB8C /* UitableviewUITests.swift in Sources */,
			);
			runOnlyForDeploymentPostprocessing = 0;
		};
/* End PBXSourcesBuildPhase section */

/* Begin PBXTargetDependency section */
		28905907286E89160001BB8C /* PBXTargetDependency */ = {
			isa = PBXTargetDependency;
			target = 289058EE286E89150001BB8C /* Uitableview */;
			targetProxy = 28905906286E89160001BB8C /* PBXContainerItemProxy */;
		};
		28905911286E89160001BB8C /* PBXTargetDependency */ = {
			isa = PBXTargetDependency;
			target = 289058EE286E89150001BB8C /* Uitableview */;
			targetProxy = 28905910286E89160001BB8C /* PBXContainerItemProxy */;
		};
/* End PBXTargetDependency section */

/* Begin PBXVariantGroup section */
		289058F8286E89150001BB8C /* Main.storyboard */ = {
			isa = PBXVariantGroup;
			children = (
				289058F9286E89150001BB8C /* Base */,
			);
			name = Main.storyboard;
			sourceTree = "<group>";
		};
		289058FD286E89160001BB8C /* LaunchScreen.storyboard */ = {
			isa = PBXVariantGroup;
			children = (
				289058FE286E89160001BB8C /* Base */,
			);
			name = LaunchScreen.storyboard;
			sourceTree = "<group>";
		};
/* End PBXVariantGroup section */

/* Begin XCBuildConfiguration section */
		28905917286E89160001BB8C /* Debug */ = {
			isa = XCBuildConfiguration;
			buildSettings = {
				ALWAYS_SEARCH_USER_PATHS = NO;
				CLANG_ANALYZER_NONNULL = YES;
				CLANG_ANALYZER_NUMBER_OBJECT_CONVERSION = YES_AGGRESSIVE;
				CLANG_CXX_LANGUAGE_STANDARD = "gnu++17";
				CLANG_CXX_LIBRARY = "libc++";
				CLANG_ENABLE_MODULES = YES;
				CLANG_ENABLE_OBJC_ARC = YES;
				CLANG_ENABLE_OBJC_WEAK = YES;
				CLANG_WARN_BLOCK_CAPTURE_AUTORELEASING = YES;
				CLANG_WARN_BOOL_CONVERSION = YES;
				CLANG_WARN_COMMA = YES;
				CLANG_WARN_CONSTANT_CONVERSION = YES;
				CLANG_WARN_DEPRECATED_OBJC_IMPLEMENTATIONS = YES;
				CLANG_WARN_DIRECT_OBJC_ISA_USAGE = YES_ERROR;
				CLANG_WARN_DOCUMENTATION_COMMENTS = YES;
				CLANG_WARN_EMPTY_BODY = YES;
				CLANG_WARN_ENUM_CONVERSION = YES;
				CLANG_WARN_INFINITE_RECURSION = YES;
				CLANG_WARN_INT_CONVERSION = YES;
				CLANG_WARN_NON_LITERAL_NULL_CONVERSION = YES;
				CLANG_WARN_OBJC_IMPLICIT_RETAIN_SELF = YES;
				CLANG_WARN_OBJC_LITERAL_CONVERSION = YES;
				CLANG_WARN_OBJC_ROOT_CLASS = YES_ERROR;
				CLANG_WARN_QUOTED_INCLUDE_IN_FRAMEWORK_HEADER = YES;
				CLANG_WARN_RANGE_LOOP_ANALYSIS = YES;
				CLANG_WARN_STRICT_PROTOTYPES = YES;
				CLANG_WARN_SUSPICIOUS_MOVE = YES;
				CLANG_WARN_UNGUARDED_AVAILABILITY = YES_AGGRESSIVE;
				CLANG_WARN_UNREACHABLE_CODE = YES;
				CLANG_WARN__DUPLICATE_METHOD_MATCH = YES;
				COPY_PHASE_STRIP = NO;
				DEBUG_INFORMATION_FORMAT = dwarf;
				ENABLE_STRICT_OBJC_MSGSEND = YES;
				ENABLE_TESTABILITY = YES;
				GCC_C_LANGUAGE_STANDARD = gnu11;
				GCC_DYNAMIC_NO_PIC = NO;
				GCC_NO_COMMON_BLOCKS = YES;
				GCC_OPTIMIZATION_LEVEL = 0;
				GCC_PREPROCESSOR_DEFINITIONS = (
					"DEBUG=1",
					"$(inherited)",
				);
				GCC_WARN_64_TO_32_BIT_CONVERSION = YES;
				GCC_WARN_ABOUT_RETURN_TYPE = YES_ERROR;
				GCC_WARN_UNDECLARED_SELECTOR = YES;
				GCC_WARN_UNINITIALIZED_AUTOS = YES_AGGRESSIVE;
				GCC_WARN_UNUSED_FUNCTION = YES;
				GCC_WARN_UNUSED_VARIABLE = YES;
				IPHONEOS_DEPLOYMENT_TARGET = 15.2;
				MTL_ENABLE_DEBUG_INFO = INCLUDE_SOURCE;
				MTL_FAST_MATH = YES;
				ONLY_ACTIVE_ARCH = YES;
				SDKROOT = iphoneos;
				SWIFT_ACTIVE_COMPILATION_CONDITIONS = DEBUG;
				SWIFT_OPTIMIZATION_LEVEL = "-Onone";
			};
			name = Debug;
		};
		28905918286E89160001BB8C /* Release */ = {
			isa = XCBuildConfiguration;
			buildSettings = {
				ALWAYS_SEARCH_USER_PATHS = NO;
				CLANG_ANALYZER_NONNULL = YES;
				CLANG_ANALYZER_NUMBER_OBJECT_CONVERSION = YES_AGGRESSIVE;
				CLANG_CXX_LANGUAGE_STANDARD = "gnu++17";
				CLANG_CXX_LIBRARY = "libc++";
				CLANG_ENABLE_MODULES = YES;
				CLANG_ENABLE_OBJC_ARC = YES;
				CLANG_ENABLE_OBJC_WEAK = YES;
				CLANG_WARN_BLOCK_CAPTURE_AUTORELEASING = YES;
				CLANG_WARN_BOOL_CONVERSION = YES;
				CLANG_WARN_COMMA = YES;
				CLANG_WARN_CONSTANT_CONVERSION = YES;
				CLANG_WARN_DEPRECATED_OBJC_IMPLEMENTATIONS = YES;
				CLANG_WARN_DIRECT_OBJC_ISA_USAGE = YES_ERROR;
				CLANG_WARN_DOCUMENTATION_COMMENTS = YES;
				CLANG_WARN_EMPTY_BODY = YES;
				CLANG_WARN_ENUM_CONVERSION = YES;
				CLANG_WARN_INFINITE_RECURSION = YES;
				CLANG_WARN_INT_CONVERSION = YES;
				CLANG_WARN_NON_LITERAL_NULL_CONVERSION = YES;
				CLANG_WARN_OBJC_IMPLICIT_RETAIN_SELF = YES;
				CLANG_WARN_OBJC_LITERAL_CONVERSION = YES;
				CLANG_WARN_OBJC_ROOT_CLASS = YES_ERROR;
				CLANG_WARN_QUOTED_INCLUDE_IN_FRAMEWORK_HEADER = YES;
				CLANG_WARN_RANGE_LOOP_ANALYSIS = YES;
				CLANG_WARN_STRICT_PROTOTYPES = YES;
				CLANG_WARN_SUSPICIOUS_MOVE = YES;
				CLANG_WARN_UNGUARDED_AVAILABILITY = YES_AGGRESSIVE;
				CLANG_WARN_UNREACHABLE_CODE = YES;
				CLANG_WARN__DUPLICATE_METHOD_MATCH = YES;
				COPY_PHASE_STRIP = NO;
				DEBUG_INFORMATION_FORMAT = "dwarf-with-dsym";
				ENABLE_NS_ASSERTIONS = NO;
				ENABLE_STRICT_OBJC_MSGSEND = YES;
				GCC_C_LANGUAGE_STANDARD = gnu11;
				GCC_NO_COMMON_BLOCKS = YES;
				GCC_WARN_64_TO_32_BIT_CONVERSION = YES;
				GCC_WARN_ABOUT_RETURN_TYPE = YES_ERROR;
				GCC_WARN_UNDECLARED_SELECTOR = YES;
				GCC_WARN_UNINITIALIZED_AUTOS = YES_AGGRESSIVE;
				GCC_WARN_UNUSED_FUNCTION = YES;
				GCC_WARN_UNUSED_VARIABLE = YES;
				IPHONEOS_DEPLOYMENT_TARGET = 15.2;
				MTL_ENABLE_DEBUG_INFO = NO;
				MTL_FAST_MATH = YES;
				SDKROOT = iphoneos;
				SWIFT_COMPILATION_MODE = wholemodule;
				SWIFT_OPTIMIZATION_LEVEL = "-O";
				VALIDATE_PRODUCT = YES;
			};
			name = Release;
		};
		2890591A286E89160001BB8C /* Debug */ = {
			isa = XCBuildConfiguration;
			buildSettings = {
				ASSETCATALOG_COMPILER_APPICON_NAME = AppIcon;
				ASSETCATALOG_COMPILER_GLOBAL_ACCENT_COLOR_NAME = AccentColor;
				CODE_SIGN_STYLE = Automatic;
				CURRENT_PROJECT_VERSION = 1;
				GENERATE_INFOPLIST_FILE = YES;
				INFOPLIST_FILE = Uitableview/Info.plist;
				INFOPLIST_KEY_UIApplicationSupportsIndirectInputEvents = YES;
				INFOPLIST_KEY_UILaunchStoryboardName = LaunchScreen;
				INFOPLIST_KEY_UIMainStoryboardFile = Main;
				INFOPLIST_KEY_UISupportedInterfaceOrientations_iPad = "UIInterfaceOrientationPortrait UIInterfaceOrientationPortraitUpsideDown UIInterfaceOrientationLandscapeLeft UIInterfaceOrientationLandscapeRight";
				INFOPLIST_KEY_UISupportedInterfaceOrientations_iPhone = "UIInterfaceOrientationPortrait UIInterfaceOrientationLandscapeLeft UIInterfaceOrientationLandscapeRight";
				LD_RUNPATH_SEARCH_PATHS = (
					"$(inherited)",
					"@executable_path/Frameworks",
				);
				MARKETING_VERSION = 1.0;
				PRODUCT_BUNDLE_IDENTIFIER = "-.17-1.Uitableview";
				PRODUCT_NAME = "$(TARGET_NAME)";
				SWIFT_EMIT_LOC_STRINGS = YES;
				SWIFT_VERSION = 5.0;
				TARGETED_DEVICE_FAMILY = "1,2";
			};
			name = Debug;
		};
		2890591B286E89160001BB8C /* Release */ = {
			isa = XCBuildConfiguration;
			buildSettings = {
				ASSETCATALOG_COMPILER_APPICON_NAME = AppIcon;
				ASSETCATALOG_COMPILER_GLOBAL_ACCENT_COLOR_NAME = AccentColor;
				CODE_SIGN_STYLE = Automatic;
				CURRENT_PROJECT_VERSION = 1;
				GENERATE_INFOPLIST_FILE = YES;
				INFOPLIST_FILE = Uitableview/Info.plist;
				INFOPLIST_KEY_UIApplicationSupportsIndirectInputEvents = YES;
				INFOPLIST_KEY_UILaunchStoryboardName = LaunchScreen;
				INFOPLIST_KEY_UIMainStoryboardFile = Main;
				INFOPLIST_KEY_UISupportedInterfaceOrientations_iPad = "UIInterfaceOrientationPortrait UIInterfaceOrientationPortraitUpsideDown UIInterfaceOrientationLandscapeLeft UIInterfaceOrientationLandscapeRight";
				INFOPLIST_KEY_UISupportedInterfaceOrientations_iPhone = "UIInterfaceOrientationPortrait UIInterfaceOrientationLandscapeLeft UIInterfaceOrientationLandscapeRight";
				LD_RUNPATH_SEARCH_PATHS = (
					"$(inherited)",
					"@executable_path/Frameworks",
				);
				MARKETING_VERSION = 1.0;
				PRODUCT_BUNDLE_IDENTIFIER = "-.17-1.Uitableview";
				PRODUCT_NAME = "$(TARGET_NAME)";
				SWIFT_EMIT_LOC_STRINGS = YES;
				SWIFT_VERSION = 5.0;
				TARGETED_DEVICE_FAMILY = "1,2";
			};
			name = Release;
		};
		2890591D286E89160001BB8C /* Debug */ = {
			isa = XCBuildConfiguration;
			buildSettings = {
				ALWAYS_EMBED_SWIFT_STANDARD_LIBRARIES = YES;
				BUNDLE_LOADER = "$(TEST_HOST)";
				CODE_SIGN_STYLE = Automatic;
				CURRENT_PROJECT_VERSION = 1;
				GENERATE_INFOPLIST_FILE = YES;
				IPHONEOS_DEPLOYMENT_TARGET = 15.2;
				MARKETING_VERSION = 1.0;
				PRODUCT_BUNDLE_IDENTIFIER = "-.17-1.UitableviewTests";
				PRODUCT_NAME = "$(TARGET_NAME)";
				SWIFT_EMIT_LOC_STRINGS = NO;
				SWIFT_VERSION = 5.0;
				TARGETED_DEVICE_FAMILY = "1,2";
				TEST_HOST = "$(BUILT_PRODUCTS_DIR)/Uitableview.app/Uitableview";
			};
			name = Debug;
		};
		2890591E286E89160001BB8C /* Release */ = {
			isa = XCBuildConfiguration;
			buildSettings = {
				ALWAYS_EMBED_SWIFT_STANDARD_LIBRARIES = YES;
				BUNDLE_LOADER = "$(TEST_HOST)";
				CODE_SIGN_STYLE = Automatic;
				CURRENT_PROJECT_VERSION = 1;
				GENERATE_INFOPLIST_FILE = YES;
				IPHONEOS_DEPLOYMENT_TARGET = 15.2;
				MARKETING_VERSION = 1.0;
				PRODUCT_BUNDLE_IDENTIFIER = "-.17-1.UitableviewTests";
				PRODUCT_NAME = "$(TARGET_NAME)";
				SWIFT_EMIT_LOC_STRINGS = NO;
				SWIFT_VERSION = 5.0;
				TARGETED_DEVICE_FAMILY = "1,2";
				TEST_HOST = "$(BUILT_PRODUCTS_DIR)/Uitableview.app/Uitableview";
			};
			name = Release;
		};
		28905920286E89160001BB8C /* Debug */ = {
			isa = XCBuildConfiguration;
			buildSettings = {
				ALWAYS_EMBED_SWIFT_STANDARD_LIBRARIES = YES;
				CODE_SIGN_STYLE = Automatic;
				CURRENT_PROJECT_VERSION = 1;
				GENERATE_INFOPLIST_FILE = YES;
				MARKETING_VERSION = 1.0;
				PRODUCT_BUNDLE_IDENTIFIER = "-.17-1.UitableviewUITests";
				PRODUCT_NAME = "$(TARGET_NAME)";
				SWIFT_EMIT_LOC_STRINGS = NO;
				SWIFT_VERSION = 5.0;
				TARGETED_DEVICE_FAMILY = "1,2";
				TEST_TARGET_NAME = Uitableview;
			};
			name = Debug;
		};
		28905921286E89160001BB8C /* Release */ = {
			isa = XCBuildConfiguration;
			buildSettings = {
				ALWAYS_EMBED_SWIFT_STANDARD_LIBRARIES = YES;
				CODE_SIGN_STYLE = Automatic;
				CURRENT_PROJECT_VERSION = 1;
				GENERATE_INFOPLIST_FILE = YES;
				MARKETING_VERSION = 1.0;
				PRODUCT_BUNDLE_IDENTIFIER = "-.17-1.UitableviewUITests";
				PRODUCT_NAME = "$(TARGET_NAME)";
				SWIFT_EMIT_LOC_STRINGS = NO;
				SWIFT_VERSION = 5.0;
				TARGETED_DEVICE_FAMILY = "1,2";
				TEST_TARGET_NAME = Uitableview;
			};
			name = Release;
		};
/* End XCBuildConfiguration section */

/* Begin XCConfigurationList section */
		289058EA286E89150001BB8C /* Build configuration list for PBXProject "Uitableview" */ = {
			isa = XCConfigurationList;
			buildConfigurations = (
				28905917286E89160001BB8C /* Debug */,
				28905918286E89160001BB8C /* Release */,
			);
			defaultConfigurationIsVisible = 0;
			defaultConfigurationName = Release;
		};
		28905919286E89160001BB8C /* Build configuration list for PBXNativeTarget "Uitableview" */ = {
			isa = XCConfigurationList;
			buildConfigurations = (
				2890591A286E89160001BB8C /* Debug */,
				2890591B286E89160001BB8C /* Release */,
			);
			defaultConfigurationIsVisible = 0;
			defaultConfigurationName = Release;
		};
		2890591C286E89160001BB8C /* Build configuration list for PBXNativeTarget "UitableviewTests" */ = {
			isa = XCConfigurationList;
			buildConfigurations = (
				2890591D286E89160001BB8C /* Debug */,
				2890591E286E89160001BB8C /* Release */,
			);
			defaultConfigurationIsVisible = 0;
			defaultConfigurationName = Release;
		};
		2890591F286E89160001BB8C /* Build configuration list for PBXNativeTarget "UitableviewUITests" */ = {
			isa = XCConfigurationList;
			buildConfigurations = (
				28905920286E89160001BB8C /* Debug */,
				28905921286E89160001BB8C /* Release */,
			);
			defaultConfigurationIsVisible = 0;
			defaultConfigurationName = Release;
		};
/* End XCConfigurationList section */
	};
	rootObject = 289058E7286E89150001BB8C /* Project object */;
}
