// !$*UTF8*$!
{
	archiveVersion = 1;
	classes = {
	};
	objectVersion = 55;
	objects = {

/* Begin PBXBuildFile section */
		28905935286EC8C90001BB8C /* AppDelegate.swift in Sources */ = {isa = PBXBuildFile; fileRef = 28905934286EC8C90001BB8C /* AppDelegate.swift */; };
		28905937286EC8C90001BB8C /* SceneDelegate.swift in Sources */ = {isa = PBXBuildFile; fileRef = 28905936286EC8C90001BB8C /* SceneDelegate.swift */; };
		28905939286EC8C90001BB8C /* ViewController.swift in Sources */ = {isa = PBXBuildFile; fileRef = 28905938286EC8C90001BB8C /* ViewController.swift */; };
		2890593C286EC8C90001BB8C /* Main.storyboard in Resources */ = {isa = PBXBuildFile; fileRef = 2890593A286EC8C90001BB8C /* Main.storyboard */; };
		2890593E286EC8CA0001BB8C /* Assets.xcassets in Resources */ = {isa = PBXBuildFile; fileRef = 2890593D286EC8CA0001BB8C /* Assets.xcassets */; };
		28905941286EC8CA0001BB8C /* LaunchScreen.storyboard in Resources */ = {isa = PBXBuildFile; fileRef = 2890593F286EC8CA0001BB8C /* LaunchScreen.storyboard */; };
		2890594C286EC8CA0001BB8C /* IdenxsUITableViewTests.swift in Sources */ = {isa = PBXBuildFile; fileRef = 2890594B286EC8CA0001BB8C /* IdenxsUITableViewTests.swift */; };
		28905956286EC8CA0001BB8C /* IdenxsUITableViewUITests.swift in Sources */ = {isa = PBXBuildFile; fileRef = 28905955286EC8CA0001BB8C /* IdenxsUITableViewUITests.swift */; };
		28905958286EC8CA0001BB8C /* IdenxsUITableViewUITestsLaunchTests.swift in Sources */ = {isa = PBXBuildFile; fileRef = 28905957286EC8CA0001BB8C /* IdenxsUITableViewUITestsLaunchTests.swift */; };
/* End PBXBuildFile section */

/* Begin PBXContainerItemProxy section */
		28905948286EC8CA0001BB8C /* PBXContainerItemProxy */ = {
			isa = PBXContainerItemProxy;
			containerPortal = 28905929286EC8C90001BB8C /* Project object */;
			proxyType = 1;
			remoteGlobalIDString = 28905930286EC8C90001BB8C;
			remoteInfo = IdenxsUITableView;
		};
		28905952286EC8CA0001BB8C /* PBXContainerItemProxy */ = {
			isa = PBXContainerItemProxy;
			containerPortal = 28905929286EC8C90001BB8C /* Project object */;
			proxyType = 1;
			remoteGlobalIDString = 28905930286EC8C90001BB8C;
			remoteInfo = IdenxsUITableView;
		};
/* End PBXContainerItemProxy section */

/* Begin PBXFileReference section */
		28905931286EC8C90001BB8C /* IdenxsUITableView.app */ = {isa = PBXFileReference; explicitFileType = wrapper.application; includeInIndex = 0; path = IdenxsUITableView.app; sourceTree = BUILT_PRODUCTS_DIR; };
		28905934286EC8C90001BB8C /* AppDelegate.swift */ = {isa = PBXFileReference; lastKnownFileType = sourcecode.swift; path = AppDelegate.swift; sourceTree = "<group>"; };
		28905936286EC8C90001BB8C /* SceneDelegate.swift */ = {isa = PBXFileReference; lastKnownFileType = sourcecode.swift; path = SceneDelegate.swift; sourceTree = "<group>"; };
		28905938286EC8C90001BB8C /* ViewController.swift */ = {isa = PBXFileReference; lastKnownFileType = sourcecode.swift; path = ViewController.swift; sourceTree = "<group>"; };
		2890593B286EC8C90001BB8C /* Base */ = {isa = PBXFileReference; lastKnownFileType = file.storyboard; name = Base; path = Base.lproj/Main.storyboard; sourceTree = "<group>"; };
		2890593D286EC8CA0001BB8C /* Assets.xcassets */ = {isa = PBXFileReference; lastKnownFileType = folder.assetcatalog; path = Assets.xcassets; sourceTree = "<group>"; };
		28905940286EC8CA0001BB8C /* Base */ = {isa = PBXFileReference; lastKnownFileType = file.storyboard; name = Base; path = Base.lproj/LaunchScreen.storyboard; sourceTree = "<group>"; };
		28905942286EC8CA0001BB8C /* Info.plist */ = {isa = PBXFileReference; lastKnownFileType = text.plist.xml; path = Info.plist; sourceTree = "<group>"; };
		28905947286EC8CA0001BB8C /* IdenxsUITableViewTests.xctest */ = {isa = PBXFileReference; explicitFileType = wrapper.cfbundle; includeInIndex = 0; path = IdenxsUITableViewTests.xctest; sourceTree = BUILT_PRODUCTS_DIR; };
		2890594B286EC8CA0001BB8C /* IdenxsUITableViewTests.swift */ = {isa = PBXFileReference; lastKnownFileType = sourcecode.swift; path = IdenxsUITableViewTests.swift; sourceTree = "<group>"; };
		28905951286EC8CA0001BB8C /* IdenxsUITableViewUITests.xctest */ = {isa = PBXFileReference; explicitFileType = wrapper.cfbundle; includeInIndex = 0; path = IdenxsUITableViewUITests.xctest; sourceTree = BUILT_PRODUCTS_DIR; };
		28905955286EC8CA0001BB8C /* IdenxsUITableViewUITests.swift */ = {isa = PBXFileReference; lastKnownFileType = sourcecode.swift; path = IdenxsUITableViewUITests.swift; sourceTree = "<group>"; };
		28905957286EC8CA0001BB8C /* IdenxsUITableViewUITestsLaunchTests.swift */ = {isa = PBXFileReference; lastKnownFileType = sourcecode.swift; path = IdenxsUITableViewUITestsLaunchTests.swift; sourceTree = "<group>"; };
/* End PBXFileReference section */

/* Begin PBXFrameworksBuildPhase section */
		2890592E286EC8C90001BB8C /* Frameworks */ = {
			isa = PBXFrameworksBuildPhase;
			buildActionMask = 2147483647;
			files = (
			);
			runOnlyForDeploymentPostprocessing = 0;
		};
		28905944286EC8CA0001BB8C /* Frameworks */ = {
			isa = PBXFrameworksBuildPhase;
			buildActionMask = 2147483647;
			files = (
			);
			runOnlyForDeploymentPostprocessing = 0;
		};
		2890594E286EC8CA0001BB8C /* Frameworks */ = {
			isa = PBXFrameworksBuildPhase;
			buildActionMask = 2147483647;
			files = (
			);
			runOnlyForDeploymentPostprocessing = 0;
		};
/* End PBXFrameworksBuildPhase section */

/* Begin PBXGroup section */
		28905928286EC8C90001BB8C = {
			isa = PBXGroup;
			children = (
				28905933286EC8C90001BB8C /* IdenxsUITableView */,
				2890594A286EC8CA0001BB8C /* IdenxsUITableViewTests */,
				28905954286EC8CA0001BB8C /* IdenxsUITableViewUITests */,
				28905932286EC8C90001BB8C /* Products */,
			);
			sourceTree = "<group>";
		};
		28905932286EC8C90001BB8C /* Products */ = {
			isa = PBXGroup;
			children = (
				28905931286EC8C90001BB8C /* IdenxsUITableView.app */,
				28905947286EC8CA0001BB8C /* IdenxsUITableViewTests.xctest */,
				28905951286EC8CA0001BB8C /* IdenxsUITableViewUITests.xctest */,
			);
			name = Products;
			sourceTree = "<group>";
		};
		28905933286EC8C90001BB8C /* IdenxsUITableView */ = {
			isa = PBXGroup;
			children = (
				28905934286EC8C90001BB8C /* AppDelegate.swift */,
				28905936286EC8C90001BB8C /* SceneDelegate.swift */,
				28905938286EC8C90001BB8C /* ViewController.swift */,
				2890593A286EC8C90001BB8C /* Main.storyboard */,
				2890593D286EC8CA0001BB8C /* Assets.xcassets */,
				2890593F286EC8CA0001BB8C /* LaunchScreen.storyboard */,
				28905942286EC8CA0001BB8C /* Info.plist */,
			);
			path = IdenxsUITableView;
			sourceTree = "<group>";
		};
		2890594A286EC8CA0001BB8C /* IdenxsUITableViewTests */ = {
			isa = PBXGroup;
			children = (
				2890594B286EC8CA0001BB8C /* IdenxsUITableViewTests.swift */,
			);
			path = IdenxsUITableViewTests;
			sourceTree = "<group>";
		};
		28905954286EC8CA0001BB8C /* IdenxsUITableViewUITests */ = {
			isa = PBXGroup;
			children = (
				28905955286EC8CA0001BB8C /* IdenxsUITableViewUITests.swift */,
				28905957286EC8CA0001BB8C /* IdenxsUITableViewUITestsLaunchTests.swift */,
			);
			path = IdenxsUITableViewUITests;
			sourceTree = "<group>";
		};
/* End PBXGroup section */

/* Begin PBXNativeTarget section */
		28905930286EC8C90001BB8C /* IdenxsUITableView */ = {
			isa = PBXNativeTarget;
			buildConfigurationList = 2890595B286EC8CA0001BB8C /* Build configuration list for PBXNativeTarget "IdenxsUITableView" */;
			buildPhases = (
				2890592D286EC8C90001BB8C /* Sources */,
				2890592E286EC8C90001BB8C /* Frameworks */,
				2890592F286EC8C90001BB8C /* Resources */,
			);
			buildRules = (
			);
			dependencies = (
			);
			name = IdenxsUITableView;
			productName = IdenxsUITableView;
			productReference = 28905931286EC8C90001BB8C /* IdenxsUITableView.app */;
			productType = "com.apple.product-type.application";
		};
		28905946286EC8CA0001BB8C /* IdenxsUITableViewTests */ = {
			isa = PBXNativeTarget;
			buildConfigurationList = 2890595E286EC8CA0001BB8C /* Build configuration list for PBXNativeTarget "IdenxsUITableViewTests" */;
			buildPhases = (
				28905943286EC8CA0001BB8C /* Sources */,
				28905944286EC8CA0001BB8C /* Frameworks */,
				28905945286EC8CA0001BB8C /* Resources */,
			);
			buildRules = (
			);
			dependencies = (
				28905949286EC8CA0001BB8C /* PBXTargetDependency */,
			);
			name = IdenxsUITableViewTests;
			productName = IdenxsUITableViewTests;
			productReference = 28905947286EC8CA0001BB8C /* IdenxsUITableViewTests.xctest */;
			productType = "com.apple.product-type.bundle.unit-test";
		};
		28905950286EC8CA0001BB8C /* IdenxsUITableViewUITests */ = {
			isa = PBXNativeTarget;
			buildConfigurationList = 28905961286EC8CA0001BB8C /* Build configuration list for PBXNativeTarget "IdenxsUITableViewUITests" */;
			buildPhases = (
				2890594D286EC8CA0001BB8C /* Sources */,
				2890594E286EC8CA0001BB8C /* Frameworks */,
				2890594F286EC8CA0001BB8C /* Resources */,
			);
			buildRules = (
			);
			dependencies = (
				28905953286EC8CA0001BB8C /* PBXTargetDependency */,
			);
			name = IdenxsUITableViewUITests;
			productName = IdenxsUITableViewUITests;
			productReference = 28905951286EC8CA0001BB8C /* IdenxsUITableViewUITests.xctest */;
			productType = "com.apple.product-type.bundle.ui-testing";
		};
/* End PBXNativeTarget section */

/* Begin PBXProject section */
		28905929286EC8C90001BB8C /* Project object */ = {
			isa = PBXProject;
			attributes = {
				BuildIndependentTargetsInParallel = 1;
				LastSwiftUpdateCheck = 1320;
				LastUpgradeCheck = 1320;
				TargetAttributes = {
					28905930286EC8C90001BB8C = {
						CreatedOnToolsVersion = 13.2.1;
					};
					28905946286EC8CA0001BB8C = {
						CreatedOnToolsVersion = 13.2.1;
						TestTargetID = 28905930286EC8C90001BB8C;
					};
					28905950286EC8CA0001BB8C = {
						CreatedOnToolsVersion = 13.2.1;
						TestTargetID = 28905930286EC8C90001BB8C;
					};
				};
			};
			buildConfigurationList = 2890592C286EC8C90001BB8C /* Build configuration list for PBXProject "IdenxsUITableView" */;
			compatibilityVersion = "Xcode 13.0";
			developmentRegion = en;
			hasScannedForEncodings = 0;
			knownRegions = (
				en,
				Base,
			);
			mainGroup = 28905928286EC8C90001BB8C;
			productRefGroup = 28905932286EC8C90001BB8C /* Products */;
			projectDirPath = "";
			projectRoot = "";
			targets = (
				28905930286EC8C90001BB8C /* IdenxsUITableView */,
				28905946286EC8CA0001BB8C /* IdenxsUITableViewTests */,
				28905950286EC8CA0001BB8C /* IdenxsUITableViewUITests */,
			);
		};
/* End PBXProject section */

/* Begin PBXResourcesBuildPhase section */
		2890592F286EC8C90001BB8C /* Resources */ = {
			isa = PBXResourcesBuildPhase;
			buildActionMask = 2147483647;
			files = (
				28905941286EC8CA0001BB8C /* LaunchScreen.storyboard in Resources */,
				2890593E286EC8CA0001BB8C /* Assets.xcassets in Resources */,
				2890593C286EC8C90001BB8C /* Main.storyboard in Resources */,
			);
			runOnlyForDeploymentPostprocessing = 0;
		};
		28905945286EC8CA0001BB8C /* Resources */ = {
			isa = PBXResourcesBuildPhase;
			buildActionMask = 2147483647;
			files = (
			);
			runOnlyForDeploymentPostprocessing = 0;
		};
		2890594F286EC8CA0001BB8C /* Resources */ = {
			isa = PBXResourcesBuildPhase;
			buildActionMask = 2147483647;
			files = (
			);
			runOnlyForDeploymentPostprocessing = 0;
		};
/* End PBXResourcesBuildPhase section */

/* Begin PBXSourcesBuildPhase section */
		2890592D286EC8C90001BB8C /* Sources */ = {
			isa = PBXSourcesBuildPhase;
			buildActionMask = 2147483647;
			files = (
				28905939286EC8C90001BB8C /* ViewController.swift in Sources */,
				28905935286EC8C90001BB8C /* AppDelegate.swift in Sources */,
				28905937286EC8C90001BB8C /* SceneDelegate.swift in Sources */,
			);
			runOnlyForDeploymentPostprocessing = 0;
		};
		28905943286EC8CA0001BB8C /* Sources */ = {
			isa = PBXSourcesBuildPhase;
			buildActionMask = 2147483647;
			files = (
				2890594C286EC8CA0001BB8C /* IdenxsUITableViewTests.swift in Sources */,
			);
			runOnlyForDeploymentPostprocessing = 0;
		};
		2890594D286EC8CA0001BB8C /* Sources */ = {
			isa = PBXSourcesBuildPhase;
			buildActionMask = 2147483647;
			files = (
				28905956286EC8CA0001BB8C /* IdenxsUITableViewUITests.swift in Sources */,
				28905958286EC8CA0001BB8C /* IdenxsUITableViewUITestsLaunchTests.swift in Sources */,
			);
			runOnlyForDeploymentPostprocessing = 0;
		};
/* End PBXSourcesBuildPhase section */

/* Begin PBXTargetDependency section */
		28905949286EC8CA0001BB8C /* PBXTargetDependency */ = {
			isa = PBXTargetDependency;
			target = 28905930286EC8C90001BB8C /* IdenxsUITableView */;
			targetProxy = 28905948286EC8CA0001BB8C /* PBXContainerItemProxy */;
		};
		28905953286EC8CA0001BB8C /* PBXTargetDependency */ = {
			isa = PBXTargetDependency;
			target = 28905930286EC8C90001BB8C /* IdenxsUITableView */;
			targetProxy = 28905952286EC8CA0001BB8C /* PBXContainerItemProxy */;
		};
/* End PBXTargetDependency section */

/* Begin PBXVariantGroup section */
		2890593A286EC8C90001BB8C /* Main.storyboard */ = {
			isa = PBXVariantGroup;
			children = (
				2890593B286EC8C90001BB8C /* Base */,
			);
			name = Main.storyboard;
			sourceTree = "<group>";
		};
		2890593F286EC8CA0001BB8C /* LaunchScreen.storyboard */ = {
			isa = PBXVariantGroup;
			children = (
				28905940286EC8CA0001BB8C /* Base */,
			);
			name = LaunchScreen.storyboard;
			sourceTree = "<group>";
		};
/* End PBXVariantGroup section */

/* Begin XCBuildConfiguration section */
		28905959286EC8CA0001BB8C /* Debug */ = {
			isa = XCBuildConfiguration;
			buildSettings = {
				ALWAYS_SEARCH_USER_PATHS = NO;
				CLANG_ANALYZER_NONNULL = YES;
				CLANG_ANALYZER_NUMBER_OBJECT_CONVERSION = YES_AGGRESSIVE;
				CLANG_CXX_LANGUAGE_STANDARD = "gnu++17";
				CLANG_CXX_LIBRARY = "libc++";
				CLANG_ENABLE_MODULES = YES;
				CLANG_ENABLE_OBJC_ARC = YES;
				CLANG_ENABLE_OBJC_WEAK = YES;
				CLANG_WARN_BLOCK_CAPTURE_AUTORELEASING = YES;
				CLANG_WARN_BOOL_CONVERSION = YES;
				CLANG_WARN_COMMA = YES;
				CLANG_WARN_CONSTANT_CONVERSION = YES;
				CLANG_WARN_DEPRECATED_OBJC_IMPLEMENTATIONS = YES;
				CLANG_WARN_DIRECT_OBJC_ISA_USAGE = YES_ERROR;
				CLANG_WARN_DOCUMENTATION_COMMENTS = YES;
				CLANG_WARN_EMPTY_BODY = YES;
				CLANG_WARN_ENUM_CONVERSION = YES;
				CLANG_WARN_INFINITE_RECURSION = YES;
				CLANG_WARN_INT_CONVERSION = YES;
				CLANG_WARN_NON_LITERAL_NULL_CONVERSION = YES;
				CLANG_WARN_OBJC_IMPLICIT_RETAIN_SELF = YES;
				CLANG_WARN_OBJC_LITERAL_CONVERSION = YES;
				CLANG_WARN_OBJC_ROOT_CLASS = YES_ERROR;
				CLANG_WARN_QUOTED_INCLUDE_IN_FRAMEWORK_HEADER = YES;
				CLANG_WARN_RANGE_LOOP_ANALYSIS = YES;
				CLANG_WARN_STRICT_PROTOTYPES = YES;
				CLANG_WARN_SUSPICIOUS_MOVE = YES;
				CLANG_WARN_UNGUARDED_AVAILABILITY = YES_AGGRESSIVE;
				CLANG_WARN_UNREACHABLE_CODE = YES;
				CLANG_WARN__DUPLICATE_METHOD_MATCH = YES;
				COPY_PHASE_STRIP = NO;
				DEBUG_INFORMATION_FORMAT = dwarf;
				ENABLE_STRICT_OBJC_MSGSEND = YES;
				ENABLE_TESTABILITY = YES;
				GCC_C_LANGUAGE_STANDARD = gnu11;
				GCC_DYNAMIC_NO_PIC = NO;
				GCC_NO_COMMON_BLOCKS = YES;
				GCC_OPTIMIZATION_LEVEL = 0;
				GCC_PREPROCESSOR_DEFINITIONS = (
					"DEBUG=1",
					"$(inherited)",
				);
				GCC_WARN_64_TO_32_BIT_CONVERSION = YES;
				GCC_WARN_ABOUT_RETURN_TYPE = YES_ERROR;
				GCC_WARN_UNDECLARED_SELECTOR = YES;
				GCC_WARN_UNINITIALIZED_AUTOS = YES_AGGRESSIVE;
				GCC_WARN_UNUSED_FUNCTION = YES;
				GCC_WARN_UNUSED_VARIABLE = YES;
				IPHONEOS_DEPLOYMENT_TARGET = 15.2;
				MTL_ENABLE_DEBUG_INFO = INCLUDE_SOURCE;
				MTL_FAST_MATH = YES;
				ONLY_ACTIVE_ARCH = YES;
				SDKROOT = iphoneos;
				SWIFT_ACTIVE_COMPILATION_CONDITIONS = DEBUG;
				SWIFT_OPTIMIZATION_LEVEL = "-Onone";
			};
			name = Debug;
		};
		2890595A286EC8CA0001BB8C /* Release */ = {
			isa = XCBuildConfiguration;
			buildSettings = {
				ALWAYS_SEARCH_USER_PATHS = NO;
				CLANG_ANALYZER_NONNULL = YES;
				CLANG_ANALYZER_NUMBER_OBJECT_CONVERSION = YES_AGGRESSIVE;
				CLANG_CXX_LANGUAGE_STANDARD = "gnu++17";
				CLANG_CXX_LIBRARY = "libc++";
				CLANG_ENABLE_MODULES = YES;
				CLANG_ENABLE_OBJC_ARC = YES;
				CLANG_ENABLE_OBJC_WEAK = YES;
				CLANG_WARN_BLOCK_CAPTURE_AUTORELEASING = YES;
				CLANG_WARN_BOOL_CONVERSION = YES;
				CLANG_WARN_COMMA = YES;
				CLANG_WARN_CONSTANT_CONVERSION = YES;
				CLANG_WARN_DEPRECATED_OBJC_IMPLEMENTATIONS = YES;
				CLANG_WARN_DIRECT_OBJC_ISA_USAGE = YES_ERROR;
				CLANG_WARN_DOCUMENTATION_COMMENTS = YES;
				CLANG_WARN_EMPTY_BODY = YES;
				CLANG_WARN_ENUM_CONVERSION = YES;
				CLANG_WARN_INFINITE_RECURSION = YES;
				CLANG_WARN_INT_CONVERSION = YES;
				CLANG_WARN_NON_LITERAL_NULL_CONVERSION = YES;
				CLANG_WARN_OBJC_IMPLICIT_RETAIN_SELF = YES;
				CLANG_WARN_OBJC_LITERAL_CONVERSION = YES;
				CLANG_WARN_OBJC_ROOT_CLASS = YES_ERROR;
				CLANG_WARN_QUOTED_INCLUDE_IN_FRAMEWORK_HEADER = YES;
				CLANG_WARN_RANGE_LOOP_ANALYSIS = YES;
				CLANG_WARN_STRICT_PROTOTYPES = YES;
				CLANG_WARN_SUSPICIOUS_MOVE = YES;
				CLANG_WARN_UNGUARDED_AVAILABILITY = YES_AGGRESSIVE;
				CLANG_WARN_UNREACHABLE_CODE = YES;
				CLANG_WARN__DUPLICATE_METHOD_MATCH = YES;
				COPY_PHASE_STRIP = NO;
				DEBUG_INFORMATION_FORMAT = "dwarf-with-dsym";
				ENABLE_NS_ASSERTIONS = NO;
				ENABLE_STRICT_OBJC_MSGSEND = YES;
				GCC_C_LANGUAGE_STANDARD = gnu11;
				GCC_NO_COMMON_BLOCKS = YES;
				GCC_WARN_64_TO_32_BIT_CONVERSION = YES;
				GCC_WARN_ABOUT_RETURN_TYPE = YES_ERROR;
				GCC_WARN_UNDECLARED_SELECTOR = YES;
				GCC_WARN_UNINITIALIZED_AUTOS = YES_AGGRESSIVE;
				GCC_WARN_UNUSED_FUNCTION = YES;
				GCC_WARN_UNUSED_VARIABLE = YES;
				IPHONEOS_DEPLOYMENT_TARGET = 15.2;
				MTL_ENABLE_DEBUG_INFO = NO;
				MTL_FAST_MATH = YES;
				SDKROOT = iphoneos;
				SWIFT_COMPILATION_MODE = wholemodule;
				SWIFT_OPTIMIZATION_LEVEL = "-O";
				VALIDATE_PRODUCT = YES;
			};
			name = Release;
		};
		2890595C286EC8CA0001BB8C /* Debug */ = {
			isa = XCBuildConfiguration;
			buildSettings = {
				ASSETCATALOG_COMPILER_APPICON_NAME = AppIcon;
				ASSETCATALOG_COMPILER_GLOBAL_ACCENT_COLOR_NAME = AccentColor;
				CODE_SIGN_STYLE = Automatic;
				CURRENT_PROJECT_VERSION = 1;
				GENERATE_INFOPLIST_FILE = YES;
				INFOPLIST_FILE = IdenxsUITableView/Info.plist;
				INFOPLIST_KEY_UIApplicationSupportsIndirectInputEvents = YES;
				INFOPLIST_KEY_UILaunchStoryboardName = LaunchScreen;
				INFOPLIST_KEY_UIMainStoryboardFile = Main;
				INFOPLIST_KEY_UISupportedInterfaceOrientations_iPad = "UIInterfaceOrientationPortrait UIInterfaceOrientationPortraitUpsideDown UIInterfaceOrientationLandscapeLeft UIInterfaceOrientationLandscapeRight";
				INFOPLIST_KEY_UISupportedInterfaceOrientations_iPhone = "UIInterfaceOrientationPortrait UIInterfaceOrientationLandscapeLeft UIInterfaceOrientationLandscapeRight";
				LD_RUNPATH_SEARCH_PATHS = (
					"$(inherited)",
					"@executable_path/Frameworks",
				);
				MARKETING_VERSION = 1.0;
				PRODUCT_BUNDLE_IDENTIFIER = "-.17-1.IdenxsUITableView";
				PRODUCT_NAME = "$(TARGET_NAME)";
				SWIFT_EMIT_LOC_STRINGS = YES;
				SWIFT_VERSION = 5.0;
				TARGETED_DEVICE_FAMILY = "1,2";
			};
			name = Debug;
		};
		2890595D286EC8CA0001BB8C /* Release */ = {
			isa = XCBuildConfiguration;
			buildSettings = {
				ASSETCATALOG_COMPILER_APPICON_NAME = AppIcon;
				ASSETCATALOG_COMPILER_GLOBAL_ACCENT_COLOR_NAME = AccentColor;
				CODE_SIGN_STYLE = Automatic;
				CURRENT_PROJECT_VERSION = 1;
				GENERATE_INFOPLIST_FILE = YES;
				INFOPLIST_FILE = IdenxsUITableView/Info.plist;
				INFOPLIST_KEY_UIApplicationSupportsIndirectInputEvents = YES;
				INFOPLIST_KEY_UILaunchStoryboardName = LaunchScreen;
				INFOPLIST_KEY_UIMainStoryboardFile = Main;
				INFOPLIST_KEY_UISupportedInterfaceOrientations_iPad = "UIInterfaceOrientationPortrait UIInterfaceOrientationPortraitUpsideDown UIInterfaceOrientationLandscapeLeft UIInterfaceOrientationLandscapeRight";
				INFOPLIST_KEY_UISupportedInterfaceOrientations_iPhone = "UIInterfaceOrientationPortrait UIInterfaceOrientationLandscapeLeft UIInterfaceOrientationLandscapeRight";
				LD_RUNPATH_SEARCH_PATHS = (
					"$(inherited)",
					"@executable_path/Frameworks",
				);
				MARKETING_VERSION = 1.0;
				PRODUCT_BUNDLE_IDENTIFIER = "-.17-1.IdenxsUITableView";
				PRODUCT_NAME = "$(TARGET_NAME)";
				SWIFT_EMIT_LOC_STRINGS = YES;
				SWIFT_VERSION = 5.0;
				TARGETED_DEVICE_FAMILY = "1,2";
			};
			name = Release;
		};
		2890595F286EC8CA0001BB8C /* Debug */ = {
			isa = XCBuildConfiguration;
			buildSettings = {
				ALWAYS_EMBED_SWIFT_STANDARD_LIBRARIES = YES;
				BUNDLE_LOADER = "$(TEST_HOST)";
				CODE_SIGN_STYLE = Automatic;
				CURRENT_PROJECT_VERSION = 1;
				GENERATE_INFOPLIST_FILE = YES;
				IPHONEOS_DEPLOYMENT_TARGET = 15.2;
				MARKETING_VERSION = 1.0;
				PRODUCT_BUNDLE_IDENTIFIER = "-.17-1.IdenxsUITableViewTests";
				PRODUCT_NAME = "$(TARGET_NAME)";
				SWIFT_EMIT_LOC_STRINGS = NO;
				SWIFT_VERSION = 5.0;
				TARGETED_DEVICE_FAMILY = "1,2";
				TEST_HOST = "$(BUILT_PRODUCTS_DIR)/IdenxsUITableView.app/IdenxsUITableView";
			};
			name = Debug;
		};
		28905960286EC8CA0001BB8C /* Release */ = {
			isa = XCBuildConfiguration;
			buildSettings = {
				ALWAYS_EMBED_SWIFT_STANDARD_LIBRARIES = YES;
				BUNDLE_LOADER = "$(TEST_HOST)";
				CODE_SIGN_STYLE = Automatic;
				CURRENT_PROJECT_VERSION = 1;
				GENERATE_INFOPLIST_FILE = YES;
				IPHONEOS_DEPLOYMENT_TARGET = 15.2;
				MARKETING_VERSION = 1.0;
				PRODUCT_BUNDLE_IDENTIFIER = "-.17-1.IdenxsUITableViewTests";
				PRODUCT_NAME = "$(TARGET_NAME)";
				SWIFT_EMIT_LOC_STRINGS = NO;
				SWIFT_VERSION = 5.0;
				TARGETED_DEVICE_FAMILY = "1,2";
				TEST_HOST = "$(BUILT_PRODUCTS_DIR)/IdenxsUITableView.app/IdenxsUITableView";
			};
			name = Release;
		};
		28905962286EC8CA0001BB8C /* Debug */ = {
			isa = XCBuildConfiguration;
			buildSettings = {
				ALWAYS_EMBED_SWIFT_STANDARD_LIBRARIES = YES;
				CODE_SIGN_STYLE = Automatic;
				CURRENT_PROJECT_VERSION = 1;
				GENERATE_INFOPLIST_FILE = YES;
				MARKETING_VERSION = 1.0;
				PRODUCT_BUNDLE_IDENTIFIER = "-.17-1.IdenxsUITableViewUITests";
				PRODUCT_NAME = "$(TARGET_NAME)";
				SWIFT_EMIT_LOC_STRINGS = NO;
				SWIFT_VERSION = 5.0;
				TARGETED_DEVICE_FAMILY = "1,2";
				TEST_TARGET_NAME = IdenxsUITableView;
			};
			name = Debug;
		};
		28905963286EC8CA0001BB8C /* Release */ = {
			isa = XCBuildConfiguration;
			buildSettings = {
				ALWAYS_EMBED_SWIFT_STANDARD_LIBRARIES = YES;
				CODE_SIGN_STYLE = Automatic;
				CURRENT_PROJECT_VERSION = 1;
				GENERATE_INFOPLIST_FILE = YES;
				MARKETING_VERSION = 1.0;
				PRODUCT_BUNDLE_IDENTIFIER = "-.17-1.IdenxsUITableViewUITests";
				PRODUCT_NAME = "$(TARGET_NAME)";
				SWIFT_EMIT_LOC_STRINGS = NO;
				SWIFT_VERSION = 5.0;
				TARGETED_DEVICE_FAMILY = "1,2";
				TEST_TARGET_NAME = IdenxsUITableView;
			};
			name = Release;
		};
/* End XCBuildConfiguration section */

/* Begin XCConfigurationList section */
		2890592C286EC8C90001BB8C /* Build configuration list for PBXProject "IdenxsUITableView" */ = {
			isa = XCConfigurationList;
			buildConfigurations = (
				28905959286EC8CA0001BB8C /* Debug */,
				2890595A286EC8CA0001BB8C /* Release */,
			);
			defaultConfigurationIsVisible = 0;
			defaultConfigurationName = Release;
		};
		2890595B286EC8CA0001BB8C /* Build configuration list for PBXNativeTarget "IdenxsUITableView" */ = {
			isa = XCConfigurationList;
			buildConfigurations = (
				2890595C286EC8CA0001BB8C /* Debug */,
				2890595D286EC8CA0001BB8C /* Release */,
			);
			defaultConfigurationIsVisible = 0;
			defaultConfigurationName = Release;
		};
		2890595E286EC8CA0001BB8C /* Build configuration list for PBXNativeTarget "IdenxsUITableViewTests" */ = {
			isa = XCConfigurationList;
			buildConfigurations = (
				2890595F286EC8CA0001BB8C /* Debug */,
				28905960286EC8CA0001BB8C /* Release */,
			);
			defaultConfigurationIsVisible = 0;
			defaultConfigurationName = Release;
		};
		28905961286EC8CA0001BB8C /* Build configuration list for PBXNativeTarget "IdenxsUITableViewUITests" */ = {
			isa = XCConfigurationList;
			buildConfigurations = (
				28905962286EC8CA0001BB8C /* Debug */,
				28905963286EC8CA0001BB8C /* Release */,
			);
			defaultConfigurationIsVisible = 0;
			defaultConfigurationName = Release;
		};
/* End XCConfigurationList section */
	};
	rootObject = 28905929286EC8C90001BB8C /* Project object */;
}
